// !$*UTF8*$!
{
	archiveVersion = 1;
	classes = {
	};
	objectVersion = 56;
	objects = {

/* Begin PBXBuildFile section */
		795CF2F82BECB0D400A2882B /* ShoppingApp.swift in Sources */ = {isa = PBXBuildFile; fileRef = 795CF2F72BECB0D400A2882B /* ShoppingApp.swift */; };
		795CF2FA2BECB0D400A2882B /* ContentView.swift in Sources */ = {isa = PBXBuildFile; fileRef = 795CF2F92BECB0D400A2882B /* ContentView.swift */; };
		795CF2FC2BECB0D600A2882B /* Assets.xcassets in Resources */ = {isa = PBXBuildFile; fileRef = 795CF2FB2BECB0D600A2882B /* Assets.xcassets */; };
		795CF2FF2BECB0D600A2882B /* Preview Assets.xcassets in Resources */ = {isa = PBXBuildFile; fileRef = 795CF2FE2BECB0D600A2882B /* Preview Assets.xcassets */; };
		795CF3082BECB0FD00A2882B /* Network.swift in Sources */ = {isa = PBXBuildFile; fileRef = 795CF3072BECB0FD00A2882B /* Network.swift */; };
		795CF30C2BECB12E00A2882B /* ViewModelType.swift in Sources */ = {isa = PBXBuildFile; fileRef = 795CF30B2BECB12E00A2882B /* ViewModelType.swift */; };
		795CF30E2BECB22A00A2882B /* Shopping.swift in Sources */ = {isa = PBXBuildFile; fileRef = 795CF30D2BECB22A00A2882B /* Shopping.swift */; };
		795CF3102BECB39200A2882B /* .gitignore in Resources */ = {isa = PBXBuildFile; fileRef = 795CF30F2BECB39200A2882B /* .gitignore */; };
		795CF3122BECB4CA00A2882B /* APIKey.swift in Sources */ = {isa = PBXBuildFile; fileRef = 795CF3112BECB4CA00A2882B /* APIKey.swift */; };
		795CF3142BECB55B00A2882B /* ShoppingView.swift in Sources */ = {isa = PBXBuildFile; fileRef = 795CF3132BECB55B00A2882B /* ShoppingView.swift */; };
		795CF3162BECB5D900A2882B /* ShoppingViewModel.swift in Sources */ = {isa = PBXBuildFile; fileRef = 795CF3152BECB5D900A2882B /* ShoppingViewModel.swift */; };
/* End PBXBuildFile section */

/* Begin PBXFileReference section */
		795CF2F42BECB0D400A2882B /* Shopping.app */ = {isa = PBXFileReference; explicitFileType = wrapper.application; includeInIndex = 0; path = Shopping.app; sourceTree = BUILT_PRODUCTS_DIR; };
		795CF2F72BECB0D400A2882B /* ShoppingApp.swift */ = {isa = PBXFileReference; lastKnownFileType = sourcecode.swift; path = ShoppingApp.swift; sourceTree = "<group>"; };
		795CF2F92BECB0D400A2882B /* ContentView.swift */ = {isa = PBXFileReference; lastKnownFileType = sourcecode.swift; path = ContentView.swift; sourceTree = "<group>"; };
		795CF2FB2BECB0D600A2882B /* Assets.xcassets */ = {isa = PBXFileReference; lastKnownFileType = folder.assetcatalog; path = Assets.xcassets; sourceTree = "<group>"; };
		795CF2FE2BECB0D600A2882B /* Preview Assets.xcassets */ = {isa = PBXFileReference; lastKnownFileType = folder.assetcatalog; path = "Preview Assets.xcassets"; sourceTree = "<group>"; };
		795CF3072BECB0FD00A2882B /* Network.swift */ = {isa = PBXFileReference; lastKnownFileType = sourcecode.swift; path = Network.swift; sourceTree = "<group>"; };
		795CF30B2BECB12E00A2882B /* ViewModelType.swift */ = {isa = PBXFileReference; lastKnownFileType = sourcecode.swift; path = ViewModelType.swift; sourceTree = "<group>"; };
		795CF30D2BECB22A00A2882B /* Shopping.swift */ = {isa = PBXFileReference; lastKnownFileType = sourcecode.swift; path = Shopping.swift; sourceTree = "<group>"; };
		795CF30F2BECB39200A2882B /* .gitignore */ = {isa = PBXFileReference; lastKnownFileType = text; path = .gitignore; sourceTree = "<group>"; };
		795CF3112BECB4CA00A2882B /* APIKey.swift */ = {isa = PBXFileReference; lastKnownFileType = sourcecode.swift; path = APIKey.swift; sourceTree = "<group>"; };
		795CF3132BECB55B00A2882B /* ShoppingView.swift */ = {isa = PBXFileReference; lastKnownFileType = sourcecode.swift; path = ShoppingView.swift; sourceTree = "<group>"; };
		795CF3152BECB5D900A2882B /* ShoppingViewModel.swift */ = {isa = PBXFileReference; lastKnownFileType = sourcecode.swift; path = ShoppingViewModel.swift; sourceTree = "<group>"; };
/* End PBXFileReference section */

/* Begin PBXFrameworksBuildPhase section */
		795CF2F12BECB0D400A2882B /* Frameworks */ = {
			isa = PBXFrameworksBuildPhase;
			buildActionMask = 2147483647;
			files = (
			);
			runOnlyForDeploymentPostprocessing = 0;
		};
/* End PBXFrameworksBuildPhase section */

/* Begin PBXGroup section */
		795CF2EB2BECB0D400A2882B = {
			isa = PBXGroup;
			children = (
				795CF30F2BECB39200A2882B /* .gitignore */,
				795CF2F62BECB0D400A2882B /* Shopping */,
				795CF2F52BECB0D400A2882B /* Products */,
			);
			sourceTree = "<group>";
		};
		795CF2F52BECB0D400A2882B /* Products */ = {
			isa = PBXGroup;
			children = (
				795CF2F42BECB0D400A2882B /* Shopping.app */,
			);
			name = Products;
			sourceTree = "<group>";
		};
		795CF2F62BECB0D400A2882B /* Shopping */ = {
			isa = PBXGroup;
			children = (
				795CF30A2BECB12500A2882B /* Protocol */,
				795CF3092BECB10C00A2882B /* Present */,
				795CF3062BECB0EA00A2882B /* Model */,
				795CF3052BECB0DF00A2882B /* Network */,
				795CF2F72BECB0D400A2882B /* ShoppingApp.swift */,
				795CF2F92BECB0D400A2882B /* ContentView.swift */,
				795CF2FB2BECB0D600A2882B /* Assets.xcassets */,
				795CF2FD2BECB0D600A2882B /* Preview Content */,
			);
			path = Shopping;
			sourceTree = "<group>";
		};
		795CF2FD2BECB0D600A2882B /* Preview Content */ = {
			isa = PBXGroup;
			children = (
				795CF2FE2BECB0D600A2882B /* Preview Assets.xcassets */,
			);
			path = "Preview Content";
			sourceTree = "<group>";
		};
		795CF3052BECB0DF00A2882B /* Network */ = {
			isa = PBXGroup;
			children = (
				795CF3072BECB0FD00A2882B /* Network.swift */,
				795CF3112BECB4CA00A2882B /* APIKey.swift */,
			);
			path = Network;
			sourceTree = "<group>";
		};
		795CF3062BECB0EA00A2882B /* Model */ = {
			isa = PBXGroup;
			children = (
				795CF30D2BECB22A00A2882B /* Shopping.swift */,
			);
			path = Model;
			sourceTree = "<group>";
		};
		795CF3092BECB10C00A2882B /* Present */ = {
			isa = PBXGroup;
			children = (
				795CF3132BECB55B00A2882B /* ShoppingView.swift */,
				795CF3152BECB5D900A2882B /* ShoppingViewModel.swift */,
			);
			path = Present;
			sourceTree = "<group>";
		};
		795CF30A2BECB12500A2882B /* Protocol */ = {
			isa = PBXGroup;
			children = (
				795CF30B2BECB12E00A2882B /* ViewModelType.swift */,
			);
			path = Protocol;
			sourceTree = "<group>";
		};
/* End PBXGroup section */

/* Begin PBXNativeTarget section */
		795CF2F32BECB0D400A2882B /* Shopping */ = {
			isa = PBXNativeTarget;
			buildConfigurationList = 795CF3022BECB0D600A2882B /* Build configuration list for PBXNativeTarget "Shopping" */;
			buildPhases = (
				795CF2F02BECB0D400A2882B /* Sources */,
				795CF2F12BECB0D400A2882B /* Frameworks */,
				795CF2F22BECB0D400A2882B /* Resources */,
			);
			buildRules = (
			);
			dependencies = (
			);
			name = Shopping;
			productName = Shopping;
			productReference = 795CF2F42BECB0D400A2882B /* Shopping.app */;
			productType = "com.apple.product-type.application";
		};
/* End PBXNativeTarget section */

/* Begin PBXProject section */
		795CF2EC2BECB0D400A2882B /* Project object */ = {
			isa = PBXProject;
			attributes = {
				BuildIndependentTargetsInParallel = 1;
				LastSwiftUpdateCheck = 1530;
				LastUpgradeCheck = 1530;
				TargetAttributes = {
					795CF2F32BECB0D400A2882B = {
						CreatedOnToolsVersion = 15.3;
					};
				};
			};
			buildConfigurationList = 795CF2EF2BECB0D400A2882B /* Build configuration list for PBXProject "Shopping" */;
			compatibilityVersion = "Xcode 14.0";
			developmentRegion = en;
			hasScannedForEncodings = 0;
			knownRegions = (
				en,
				Base,
			);
			mainGroup = 795CF2EB2BECB0D400A2882B;
			productRefGroup = 795CF2F52BECB0D400A2882B /* Products */;
			projectDirPath = "";
			projectRoot = "";
			targets = (
				795CF2F32BECB0D400A2882B /* Shopping */,
			);
		};
/* End PBXProject section */

/* Begin PBXResourcesBuildPhase section */
		795CF2F22BECB0D400A2882B /* Resources */ = {
			isa = PBXResourcesBuildPhase;
			buildActionMask = 2147483647;
			files = (
				795CF2FF2BECB0D600A2882B /* Preview Assets.xcassets in Resources */,
				795CF3102BECB39200A2882B /* .gitignore in Resources */,
				795CF2FC2BECB0D600A2882B /* Assets.xcassets in Resources */,
			);
			runOnlyForDeploymentPostprocessing = 0;
		};
/* End PBXResourcesBuildPhase section */

/* Begin PBXSourcesBuildPhase section */
		795CF2F02BECB0D400A2882B /* Sources */ = {
			isa = PBXSourcesBuildPhase;
			buildActionMask = 2147483647;
			files = (
				795CF30C2BECB12E00A2882B /* ViewModelType.swift in Sources */,
				795CF30E2BECB22A00A2882B /* Shopping.swift in Sources */,
				795CF2FA2BECB0D400A2882B /* ContentView.swift in Sources */,
				795CF2F82BECB0D400A2882B /* ShoppingApp.swift in Sources */,
				795CF3142BECB55B00A2882B /* ShoppingView.swift in Sources */,
				795CF3122BECB4CA00A2882B /* APIKey.swift in Sources */,
				795CF3162BECB5D900A2882B /* ShoppingViewModel.swift in Sources */,
				795CF3082BECB0FD00A2882B /* Network.swift in Sources */,
			);
			runOnlyForDeploymentPostprocessing = 0;
		};
/* End PBXSourcesBuildPhase section */

/* Begin XCBuildConfiguration section */
		795CF3002BECB0D600A2882B /* Debug */ = {
			isa = XCBuildConfiguration;
			buildSettings = {
				ALWAYS_SEARCH_USER_PATHS = NO;
				ASSETCATALOG_COMPILER_GENERATE_SWIFT_ASSET_SYMBOL_EXTENSIONS = YES;
				CLANG_ANALYZER_NONNULL = YES;
				CLANG_ANALYZER_NUMBER_OBJECT_CONVERSION = YES_AGGRESSIVE;
				CLANG_CXX_LANGUAGE_STANDARD = "gnu++20";
				CLANG_ENABLE_MODULES = YES;
				CLANG_ENABLE_OBJC_ARC = YES;
				CLANG_ENABLE_OBJC_WEAK = YES;
				CLANG_WARN_BLOCK_CAPTURE_AUTORELEASING = YES;
				CLANG_WARN_BOOL_CONVERSION = YES;
				CLANG_WARN_COMMA = YES;
				CLANG_WARN_CONSTANT_CONVERSION = YES;
				CLANG_WARN_DEPRECATED_OBJC_IMPLEMENTATIONS = YES;
				CLANG_WARN_DIRECT_OBJC_ISA_USAGE = YES_ERROR;
				CLANG_WARN_DOCUMENTATION_COMMENTS = YES;
				CLANG_WARN_EMPTY_BODY = YES;
				CLANG_WARN_ENUM_CONVERSION = YES;
				CLANG_WARN_INFINITE_RECURSION = YES;
				CLANG_WARN_INT_CONVERSION = YES;
				CLANG_WARN_NON_LITERAL_NULL_CONVERSION = YES;
				CLANG_WARN_OBJC_IMPLICIT_RETAIN_SELF = YES;
				CLANG_WARN_OBJC_LITERAL_CONVERSION = YES;
				CLANG_WARN_OBJC_ROOT_CLASS = YES_ERROR;
				CLANG_WARN_QUOTED_INCLUDE_IN_FRAMEWORK_HEADER = YES;
				CLANG_WARN_RANGE_LOOP_ANALYSIS = YES;
				CLANG_WARN_STRICT_PROTOTYPES = YES;
				CLANG_WARN_SUSPICIOUS_MOVE = YES;
				CLANG_WARN_UNGUARDED_AVAILABILITY = YES_AGGRESSIVE;
				CLANG_WARN_UNREACHABLE_CODE = YES;
				CLANG_WARN__DUPLICATE_METHOD_MATCH = YES;
				COPY_PHASE_STRIP = NO;
				DEBUG_INFORMATION_FORMAT = dwarf;
				ENABLE_STRICT_OBJC_MSGSEND = YES;
				ENABLE_TESTABILITY = YES;
				ENABLE_USER_SCRIPT_SANDBOXING = YES;
				GCC_C_LANGUAGE_STANDARD = gnu17;
				GCC_DYNAMIC_NO_PIC = NO;
				GCC_NO_COMMON_BLOCKS = YES;
				GCC_OPTIMIZATION_LEVEL = 0;
				GCC_PREPROCESSOR_DEFINITIONS = (
					"DEBUG=1",
					"$(inherited)",
				);
				GCC_WARN_64_TO_32_BIT_CONVERSION = YES;
				GCC_WARN_ABOUT_RETURN_TYPE = YES_ERROR;
				GCC_WARN_UNDECLARED_SELECTOR = YES;
				GCC_WARN_UNINITIALIZED_AUTOS = YES_AGGRESSIVE;
				GCC_WARN_UNUSED_FUNCTION = YES;
				GCC_WARN_UNUSED_VARIABLE = YES;
				IPHONEOS_DEPLOYMENT_TARGET = 17.4;
				LOCALIZATION_PREFERS_STRING_CATALOGS = YES;
				MTL_ENABLE_DEBUG_INFO = INCLUDE_SOURCE;
				MTL_FAST_MATH = YES;
				ONLY_ACTIVE_ARCH = YES;
				SDKROOT = iphoneos;
				SWIFT_ACTIVE_COMPILATION_CONDITIONS = "DEBUG $(inherited)";
				SWIFT_OPTIMIZATION_LEVEL = "-Onone";
			};
			name = Debug;
		};
		795CF3012BECB0D600A2882B /* Release */ = {
			isa = XCBuildConfiguration;
			buildSettings = {
				ALWAYS_SEARCH_USER_PATHS = NO;
				ASSETCATALOG_COMPILER_GENERATE_SWIFT_ASSET_SYMBOL_EXTENSIONS = YES;
				CLANG_ANALYZER_NONNULL = YES;
				CLANG_ANALYZER_NUMBER_OBJECT_CONVERSION = YES_AGGRESSIVE;
				CLANG_CXX_LANGUAGE_STANDARD = "gnu++20";
				CLANG_ENABLE_MODULES = YES;
				CLANG_ENABLE_OBJC_ARC = YES;
				CLANG_ENABLE_OBJC_WEAK = YES;
				CLANG_WARN_BLOCK_CAPTURE_AUTORELEASING = YES;
				CLANG_WARN_BOOL_CONVERSION = YES;
				CLANG_WARN_COMMA = YES;
				CLANG_WARN_CONSTANT_CONVERSION = YES;
				CLANG_WARN_DEPRECATED_OBJC_IMPLEMENTATIONS = YES;
				CLANG_WARN_DIRECT_OBJC_ISA_USAGE = YES_ERROR;
				CLANG_WARN_DOCUMENTATION_COMMENTS = YES;
				CLANG_WARN_EMPTY_BODY = YES;
				CLANG_WARN_ENUM_CONVERSION = YES;
				CLANG_WARN_INFINITE_RECURSION = YES;
				CLANG_WARN_INT_CONVERSION = YES;
				CLANG_WARN_NON_LITERAL_NULL_CONVERSION = YES;
				CLANG_WARN_OBJC_IMPLICIT_RETAIN_SELF = YES;
				CLANG_WARN_OBJC_LITERAL_CONVERSION = YES;
				CLANG_WARN_OBJC_ROOT_CLASS = YES_ERROR;
				CLANG_WARN_QUOTED_INCLUDE_IN_FRAMEWORK_HEADER = YES;
				CLANG_WARN_RANGE_LOOP_ANALYSIS = YES;
				CLANG_WARN_STRICT_PROTOTYPES = YES;
				CLANG_WARN_SUSPICIOUS_MOVE = YES;
				CLANG_WARN_UNGUARDED_AVAILABILITY = YES_AGGRESSIVE;
				CLANG_WARN_UNREACHABLE_CODE = YES;
				CLANG_WARN__DUPLICATE_METHOD_MATCH = YES;
				COPY_PHASE_STRIP = NO;
				DEBUG_INFORMATION_FORMAT = "dwarf-with-dsym";
				ENABLE_NS_ASSERTIONS = NO;
				ENABLE_STRICT_OBJC_MSGSEND = YES;
				ENABLE_USER_SCRIPT_SANDBOXING = YES;
				GCC_C_LANGUAGE_STANDARD = gnu17;
				GCC_NO_COMMON_BLOCKS = YES;
				GCC_WARN_64_TO_32_BIT_CONVERSION = YES;
				GCC_WARN_ABOUT_RETURN_TYPE = YES_ERROR;
				GCC_WARN_UNDECLARED_SELECTOR = YES;
				GCC_WARN_UNINITIALIZED_AUTOS = YES_AGGRESSIVE;
				GCC_WARN_UNUSED_FUNCTION = YES;
				GCC_WARN_UNUSED_VARIABLE = YES;
				IPHONEOS_DEPLOYMENT_TARGET = 17.4;
				LOCALIZATION_PREFERS_STRING_CATALOGS = YES;
				MTL_ENABLE_DEBUG_INFO = NO;
				MTL_FAST_MATH = YES;
				SDKROOT = iphoneos;
				SWIFT_COMPILATION_MODE = wholemodule;
				VALIDATE_PRODUCT = YES;
			};
			name = Release;
		};
		795CF3032BECB0D600A2882B /* Debug */ = {
			isa = XCBuildConfiguration;
			buildSettings = {
				ASSETCATALOG_COMPILER_APPICON_NAME = AppIcon;
				ASSETCATALOG_COMPILER_GLOBAL_ACCENT_COLOR_NAME = AccentColor;
				CODE_SIGN_STYLE = Automatic;
				CURRENT_PROJECT_VERSION = 1;
				DEVELOPMENT_ASSET_PATHS = "\"Shopping/Preview Content\"";
				DEVELOPMENT_TEAM = FQNUU3X32C;
				ENABLE_PREVIEWS = YES;
				GENERATE_INFOPLIST_FILE = YES;
				INFOPLIST_KEY_UIApplicationSceneManifest_Generation = YES;
				INFOPLIST_KEY_UIApplicationSupportsIndirectInputEvents = YES;
				INFOPLIST_KEY_UILaunchScreen_Generation = YES;
				INFOPLIST_KEY_UISupportedInterfaceOrientations_iPad = "UIInterfaceOrientationPortrait UIInterfaceOrientationPortraitUpsideDown UIInterfaceOrientationLandscapeLeft UIInterfaceOrientationLandscapeRight";
				INFOPLIST_KEY_UISupportedInterfaceOrientations_iPhone = "UIInterfaceOrientationPortrait UIInterfaceOrientationLandscapeLeft UIInterfaceOrientationLandscapeRight";
				LD_RUNPATH_SEARCH_PATHS = (
					"$(inherited)",
					"@executable_path/Frameworks",
				);
				MARKETING_VERSION = 1.0;
				PRODUCT_BUNDLE_IDENTIFIER = com.chasomin.Shopping;
				PRODUCT_NAME = "$(TARGET_NAME)";
				SWIFT_EMIT_LOC_STRINGS = YES;
				SWIFT_VERSION = 5.0;
				TARGETED_DEVICE_FAMILY = "1,2";
			};
			name = Debug;
		};
		795CF3042BECB0D600A2882B /* Release */ = {
			isa = XCBuildConfiguration;
			buildSettings = {
				ASSETCATALOG_COMPILER_APPICON_NAME = AppIcon;
				ASSETCATALOG_COMPILER_GLOBAL_ACCENT_COLOR_NAME = AccentColor;
				CODE_SIGN_STYLE = Automatic;
				CURRENT_PROJECT_VERSION = 1;
				DEVELOPMENT_ASSET_PATHS = "\"Shopping/Preview Content\"";
				DEVELOPMENT_TEAM = FQNUU3X32C;
				ENABLE_PREVIEWS = YES;
				GENERATE_INFOPLIST_FILE = YES;
				INFOPLIST_KEY_UIApplicationSceneManifest_Generation = YES;
				INFOPLIST_KEY_UIApplicationSupportsIndirectInputEvents = YES;
				INFOPLIST_KEY_UILaunchScreen_Generation = YES;
				INFOPLIST_KEY_UISupportedInterfaceOrientations_iPad = "UIInterfaceOrientationPortrait UIInterfaceOrientationPortraitUpsideDown UIInterfaceOrientationLandscapeLeft UIInterfaceOrientationLandscapeRight";
				INFOPLIST_KEY_UISupportedInterfaceOrientations_iPhone = "UIInterfaceOrientationPortrait UIInterfaceOrientationLandscapeLeft UIInterfaceOrientationLandscapeRight";
				LD_RUNPATH_SEARCH_PATHS = (
					"$(inherited)",
					"@executable_path/Frameworks",
				);
				MARKETING_VERSION = 1.0;
				PRODUCT_BUNDLE_IDENTIFIER = com.chasomin.Shopping;
				PRODUCT_NAME = "$(TARGET_NAME)";
				SWIFT_EMIT_LOC_STRINGS = YES;
				SWIFT_VERSION = 5.0;
				TARGETED_DEVICE_FAMILY = "1,2";
			};
			name = Release;
		};
/* End XCBuildConfiguration section */

/* Begin XCConfigurationList section */
		795CF2EF2BECB0D400A2882B /* Build configuration list for PBXProject "Shopping" */ = {
			isa = XCConfigurationList;
			buildConfigurations = (
				795CF3002BECB0D600A2882B /* Debug */,
				795CF3012BECB0D600A2882B /* Release */,
			);
			defaultConfigurationIsVisible = 0;
			defaultConfigurationName = Release;
		};
		795CF3022BECB0D600A2882B /* Build configuration list for PBXNativeTarget "Shopping" */ = {
			isa = XCConfigurationList;
			buildConfigurations = (
				795CF3032BECB0D600A2882B /* Debug */,
				795CF3042BECB0D600A2882B /* Release */,
			);
			defaultConfigurationIsVisible = 0;
			defaultConfigurationName = Release;
		};
/* End XCConfigurationList section */
	};
	rootObject = 795CF2EC2BECB0D400A2882B /* Project object */;
}
